
Microsoft Visual Studio Solution File, Format Version 12.00
# Visual Studio 15
VisualStudioVersion = 15.0.28307.1169
MinimumVisualStudioVersion = 10.0.40219.1
Project("{FAE04EC0-301F-11D3-BF4B-00C04F79EFBC}") = "APIBancoGeeks", "APIBancoGeeks\APIBancoGeeks.csproj", "{C8ACD2E8-E90E-4B2F-9DEF-7C1752402275}"
EndProject
Global
	GlobalSection(SolutionConfigurationPlatforms) = preSolution
		Debug|Any CPU = Debug|Any CPU
		Release|Any CPU = Release|Any CPU
	EndGlobalSection
	GlobalSection(ProjectConfigurationPlatforms) = postSolution
		{C8ACD2E8-E90E-4B2F-9DEF-7C1752402275}.Debug|Any CPU.ActiveCfg = Debug|Any CPU
		{C8ACD2E8-E90E-4B2F-9DEF-7C1752402275}.Debug|Any CPU.Build.0 = Debug|Any CPU
		{C8ACD2E8-E90E-4B2F-9DEF-7C1752402275}.Release|Any CPU.ActiveCfg = Release|Any CPU
		{C8ACD2E8-E90E-4B2F-9DEF-7C1752402275}.Release|Any CPU.Build.0 = Release|Any CPU
	EndGlobalSection
	GlobalSection(SolutionProperties) = preSolution
		HideSolutionNode = FALSE
	EndGlobalSection
	GlobalSection(ExtensibilityGlobals) = postSolution
		SolutionGuid = {D31A6FD6-8F12-46A4-9573-BE2F788AAFA1}
	EndGlobalSection
EndGlobal
